
Microsoft Visual Studio Solution File, Format Version 12.00
# Visual Studio Version 16
VisualStudioVersion = 16.0.30225.117
MinimumVisualStudioVersion = 10.0.40219.1
Project("{9A19103F-16F7-4668-BE54-9A1E7A4F7556}") = "BoyJunior", "BoyJunior\BoyJunior.csproj", "{9E8F76E5-8273-4849-8E39-41B5541D0747}"
EndProject
Global
	GlobalSection(SolutionConfigurationPlatforms) = preSolution
		Debug|Any CPU = Debug|Any CPU
		Release|Any CPU = Release|Any CPU
	EndGlobalSection
	GlobalSection(ProjectConfigurationPlatforms) = postSolution
		{9E8F76E5-8273-4849-8E39-41B5541D0747}.Debug|Any CPU.ActiveCfg = Debug|Any CPU
		{9E8F76E5-8273-4849-8E39-41B5541D0747}.Debug|Any CPU.Build.0 = Debug|Any CPU
		{9E8F76E5-8273-4849-8E39-41B5541D0747}.Release|Any CPU.ActiveCfg = Release|Any CPU
		{9E8F76E5-8273-4849-8E39-41B5541D0747}.Release|Any CPU.Build.0 = Release|Any CPU
	EndGlobalSection
	GlobalSection(SolutionProperties) = preSolution
		HideSolutionNode = FALSE
	EndGlobalSection
	GlobalSection(ExtensibilityGlobals) = postSolution
		SolutionGuid = {1304E672-341F-407A-B177-A1C9EFF6A3AF}
	EndGlobalSection
EndGlobal
